{
  "name": "training-course-developing-on-fdc3",
  "version": "0.0.0",
  "lockfileVersion": 3,
  "requires": true,
  "packages": {
    "": {
      "name": "training-course-developing-on-fdc3",
      "version": "0.0.0",
      "dependencies": {
        "@connectifi/agent-web": "^2.9.5",
        "@interopio/browser": "^3.4.1",
        "@interopio/browser-platform": "^3.4.1",
        "@interopio/fdc3": "^2.4.1",
        "@kite9/fdc3": "2.2.0-beta.27"
      },
      "devDependencies": {
        "typescript": "^5.0.2",
        "vite": "^4.3.9"
      }
    },
    "node_modules/@connectifi/agent-web": {
      "version": "2.9.5",
      "resolved": "https://registry.npmjs.org/@connectifi/agent-web/-/agent-web-2.9.5.tgz",
      "integrity": "sha512-rM2UVNLSDMtP2l0KyDeQTKZvfqdJ5o86SioQYk35B7oWFWEygDS5CKvx4JmPfux00rjT6KXbmEObfmGp09K6Kw=="
    },
    "node_modules/@esbuild/android-arm": {
      "version": "0.18.20",
      "resolved": "https://registry.npmjs.org/@esbuild/android-arm/-/android-arm-0.18.20.tgz",
      "integrity": "sha512-fyi7TDI/ijKKNZTUJAQqiG5T7YjJXgnzkURqmGj13C6dCqckZBLdl4h7bkhHt/t0WP+zO9/zwroDvANaOqO5Sw==",
      "cpu": [
        "arm"
      ],
      "dev": true,
      "optional": true,
      "os": [
        "android"
      ],
      "engines": {
        "node": ">=12"
      }
    },
    "node_modules/@esbuild/android-arm64": {
      "version": "0.18.20",
      "resolved": "https://registry.npmjs.org/@esbuild/android-arm64/-/android-arm64-0.18.20.tgz",
      "integrity": "sha512-Nz4rJcchGDtENV0eMKUNa6L12zz2zBDXuhj/Vjh18zGqB44Bi7MBMSXjgunJgjRhCmKOjnPuZp4Mb6OKqtMHLQ==",
      "cpu": [
        "arm64"
      ],
      "dev": true,
      "optional": true,
      "os": [
        "android"
      ],
      "engines": {
        "node": ">=12"
      }
    },
    "node_modules/@esbuild/android-x64": {
      "version": "0.18.20",
      "resolved": "https://registry.npmjs.org/@esbuild/android-x64/-/android-x64-0.18.20.tgz",
      "integrity": "sha512-8GDdlePJA8D6zlZYJV/jnrRAi6rOiNaCC/JclcXpB+KIuvfBN4owLtgzY2bsxnx666XjJx2kDPUmnTtR8qKQUg==",
      "cpu": [
        "x64"
      ],
      "dev": true,
      "optional": true,
      "os": [
        "android"
      ],
      "engines": {
        "node": ">=12"
      }
    },
    "node_modules/@esbuild/darwin-arm64": {
      "version": "0.18.20",
      "resolved": "https://registry.npmjs.org/@esbuild/darwin-arm64/-/darwin-arm64-0.18.20.tgz",
      "integrity": "sha512-bxRHW5kHU38zS2lPTPOyuyTm+S+eobPUnTNkdJEfAddYgEcll4xkT8DB9d2008DtTbl7uJag2HuE5NZAZgnNEA==",
      "cpu": [
        "arm64"
      ],
      "dev": true,
      "optional": true,
      "os": [
        "darwin"
      ],
      "engines": {
        "node": ">=12"
      }
    },
    "node_modules/@esbuild/darwin-x64": {
      "version": "0.18.20",
      "resolved": "https://registry.npmjs.org/@esbuild/darwin-x64/-/darwin-x64-0.18.20.tgz",
      "integrity": "sha512-pc5gxlMDxzm513qPGbCbDukOdsGtKhfxD1zJKXjCCcU7ju50O7MeAZ8c4krSJcOIJGFR+qx21yMMVYwiQvyTyQ==",
      "cpu": [
        "x64"
      ],
      "dev": true,
      "optional": true,
      "os": [
        "darwin"
      ],
      "engines": {
        "node": ">=12"
      }
    },
    "node_modules/@esbuild/freebsd-arm64": {
      "version": "0.18.20",
      "resolved": "https://registry.npmjs.org/@esbuild/freebsd-arm64/-/freebsd-arm64-0.18.20.tgz",
      "integrity": "sha512-yqDQHy4QHevpMAaxhhIwYPMv1NECwOvIpGCZkECn8w2WFHXjEwrBn3CeNIYsibZ/iZEUemj++M26W3cNR5h+Tw==",
      "cpu": [
        "arm64"
      ],
      "dev": true,
      "optional": true,
      "os": [
        "freebsd"
      ],
      "engines": {
        "node": ">=12"
      }
    },
    "node_modules/@esbuild/freebsd-x64": {
      "version": "0.18.20",
      "resolved": "https://registry.npmjs.org/@esbuild/freebsd-x64/-/freebsd-x64-0.18.20.tgz",
      "integrity": "sha512-tgWRPPuQsd3RmBZwarGVHZQvtzfEBOreNuxEMKFcd5DaDn2PbBxfwLcj4+aenoh7ctXcbXmOQIn8HI6mCSw5MQ==",
      "cpu": [
        "x64"
      ],
      "dev": true,
      "optional": true,
      "os": [
        "freebsd"
      ],
      "engines": {
        "node": ">=12"
      }
    },
    "node_modules/@esbuild/linux-arm": {
      "version": "0.18.20",
      "resolved": "https://registry.npmjs.org/@esbuild/linux-arm/-/linux-arm-0.18.20.tgz",
      "integrity": "sha512-/5bHkMWnq1EgKr1V+Ybz3s1hWXok7mDFUMQ4cG10AfW3wL02PSZi5kFpYKrptDsgb2WAJIvRcDm+qIvXf/apvg==",
      "cpu": [
        "arm"
      ],
      "dev": true,
      "optional": true,
      "os": [
        "linux"
      ],
      "engines": {
        "node": ">=12"
      }
    },
    "node_modules/@esbuild/linux-arm64": {
      "version": "0.18.20",
      "resolved": "https://registry.npmjs.org/@esbuild/linux-arm64/-/linux-arm64-0.18.20.tgz",
      "integrity": "sha512-2YbscF+UL7SQAVIpnWvYwM+3LskyDmPhe31pE7/aoTMFKKzIc9lLbyGUpmmb8a8AixOL61sQ/mFh3jEjHYFvdA==",
      "cpu": [
        "arm64"
      ],
      "dev": true,
      "optional": true,
      "os": [
        "linux"
      ],
      "engines": {
        "node": ">=12"
      }
    },
    "node_modules/@esbuild/linux-ia32": {
      "version": "0.18.20",
      "resolved": "https://registry.npmjs.org/@esbuild/linux-ia32/-/linux-ia32-0.18.20.tgz",
      "integrity": "sha512-P4etWwq6IsReT0E1KHU40bOnzMHoH73aXp96Fs8TIT6z9Hu8G6+0SHSw9i2isWrD2nbx2qo5yUqACgdfVGx7TA==",
      "cpu": [
        "ia32"
      ],
      "dev": true,
      "optional": true,
      "os": [
        "linux"
      ],
      "engines": {
        "node": ">=12"
      }
    },
    "node_modules/@esbuild/linux-loong64": {
      "version": "0.18.20",
      "resolved": "https://registry.npmjs.org/@esbuild/linux-loong64/-/linux-loong64-0.18.20.tgz",
      "integrity": "sha512-nXW8nqBTrOpDLPgPY9uV+/1DjxoQ7DoB2N8eocyq8I9XuqJ7BiAMDMf9n1xZM9TgW0J8zrquIb/A7s3BJv7rjg==",
      "cpu": [
        "loong64"
      ],
      "dev": true,
      "optional": true,
      "os": [
        "linux"
      ],
      "engines": {
        "node": ">=12"
      }
    },
    "node_modules/@esbuild/linux-mips64el": {
      "version": "0.18.20",
      "resolved": "https://registry.npmjs.org/@esbuild/linux-mips64el/-/linux-mips64el-0.18.20.tgz",
      "integrity": "sha512-d5NeaXZcHp8PzYy5VnXV3VSd2D328Zb+9dEq5HE6bw6+N86JVPExrA6O68OPwobntbNJ0pzCpUFZTo3w0GyetQ==",
      "cpu": [
        "mips64el"
      ],
      "dev": true,
      "optional": true,
      "os": [
        "linux"
      ],
      "engines": {
        "node": ">=12"
      }
    },
    "node_modules/@esbuild/linux-ppc64": {
      "version": "0.18.20",
      "resolved": "https://registry.npmjs.org/@esbuild/linux-ppc64/-/linux-ppc64-0.18.20.tgz",
      "integrity": "sha512-WHPyeScRNcmANnLQkq6AfyXRFr5D6N2sKgkFo2FqguP44Nw2eyDlbTdZwd9GYk98DZG9QItIiTlFLHJHjxP3FA==",
      "cpu": [
        "ppc64"
      ],
      "dev": true,
      "optional": true,
      "os": [
        "linux"
      ],
      "engines": {
        "node": ">=12"
      }
    },
    "node_modules/@esbuild/linux-riscv64": {
      "version": "0.18.20",
      "resolved": "https://registry.npmjs.org/@esbuild/linux-riscv64/-/linux-riscv64-0.18.20.tgz",
      "integrity": "sha512-WSxo6h5ecI5XH34KC7w5veNnKkju3zBRLEQNY7mv5mtBmrP/MjNBCAlsM2u5hDBlS3NGcTQpoBvRzqBcRtpq1A==",
      "cpu": [
        "riscv64"
      ],
      "dev": true,
      "optional": true,
      "os": [
        "linux"
      ],
      "engines": {
        "node": ">=12"
      }
    },
    "node_modules/@esbuild/linux-s390x": {
      "version": "0.18.20",
      "resolved": "https://registry.npmjs.org/@esbuild/linux-s390x/-/linux-s390x-0.18.20.tgz",
      "integrity": "sha512-+8231GMs3mAEth6Ja1iK0a1sQ3ohfcpzpRLH8uuc5/KVDFneH6jtAJLFGafpzpMRO6DzJ6AvXKze9LfFMrIHVQ==",
      "cpu": [
        "s390x"
      ],
      "dev": true,
      "optional": true,
      "os": [
        "linux"
      ],
      "engines": {
        "node": ">=12"
      }
    },
    "node_modules/@esbuild/linux-x64": {
      "version": "0.18.20",
      "resolved": "https://registry.npmjs.org/@esbuild/linux-x64/-/linux-x64-0.18.20.tgz",
      "integrity": "sha512-UYqiqemphJcNsFEskc73jQ7B9jgwjWrSayxawS6UVFZGWrAAtkzjxSqnoclCXxWtfwLdzU+vTpcNYhpn43uP1w==",
      "cpu": [
        "x64"
      ],
      "dev": true,
      "optional": true,
      "os": [
        "linux"
      ],
      "engines": {
        "node": ">=12"
      }
    },
    "node_modules/@esbuild/netbsd-x64": {
      "version": "0.18.20",
      "resolved": "https://registry.npmjs.org/@esbuild/netbsd-x64/-/netbsd-x64-0.18.20.tgz",
      "integrity": "sha512-iO1c++VP6xUBUmltHZoMtCUdPlnPGdBom6IrO4gyKPFFVBKioIImVooR5I83nTew5UOYrk3gIJhbZh8X44y06A==",
      "cpu": [
        "x64"
      ],
      "dev": true,
      "optional": true,
      "os": [
        "netbsd"
      ],
      "engines": {
        "node": ">=12"
      }
    },
    "node_modules/@esbuild/openbsd-x64": {
      "version": "0.18.20",
      "resolved": "https://registry.npmjs.org/@esbuild/openbsd-x64/-/openbsd-x64-0.18.20.tgz",
      "integrity": "sha512-e5e4YSsuQfX4cxcygw/UCPIEP6wbIL+se3sxPdCiMbFLBWu0eiZOJ7WoD+ptCLrmjZBK1Wk7I6D/I3NglUGOxg==",
      "cpu": [
        "x64"
      ],
      "dev": true,
      "optional": true,
      "os": [
        "openbsd"
      ],
      "engines": {
        "node": ">=12"
      }
    },
    "node_modules/@esbuild/sunos-x64": {
      "version": "0.18.20",
      "resolved": "https://registry.npmjs.org/@esbuild/sunos-x64/-/sunos-x64-0.18.20.tgz",
      "integrity": "sha512-kDbFRFp0YpTQVVrqUd5FTYmWo45zGaXe0X8E1G/LKFC0v8x0vWrhOWSLITcCn63lmZIxfOMXtCfti/RxN/0wnQ==",
      "cpu": [
        "x64"
      ],
      "dev": true,
      "optional": true,
      "os": [
        "sunos"
      ],
      "engines": {
        "node": ">=12"
      }
    },
    "node_modules/@esbuild/win32-arm64": {
      "version": "0.18.20",
      "resolved": "https://registry.npmjs.org/@esbuild/win32-arm64/-/win32-arm64-0.18.20.tgz",
      "integrity": "sha512-ddYFR6ItYgoaq4v4JmQQaAI5s7npztfV4Ag6NrhiaW0RrnOXqBkgwZLofVTlq1daVTQNhtI5oieTvkRPfZrePg==",
      "cpu": [
        "arm64"
      ],
      "dev": true,
      "optional": true,
      "os": [
        "win32"
      ],
      "engines": {
        "node": ">=12"
      }
    },
    "node_modules/@esbuild/win32-ia32": {
      "version": "0.18.20",
      "resolved": "https://registry.npmjs.org/@esbuild/win32-ia32/-/win32-ia32-0.18.20.tgz",
      "integrity": "sha512-Wv7QBi3ID/rROT08SABTS7eV4hX26sVduqDOTe1MvGMjNd3EjOz4b7zeexIR62GTIEKrfJXKL9LFxTYgkyeu7g==",
      "cpu": [
        "ia32"
      ],
      "dev": true,
      "optional": true,
      "os": [
        "win32"
      ],
      "engines": {
        "node": ">=12"
      }
    },
    "node_modules/@esbuild/win32-x64": {
      "version": "0.18.20",
      "resolved": "https://registry.npmjs.org/@esbuild/win32-x64/-/win32-x64-0.18.20.tgz",
      "integrity": "sha512-kTdfRcSiDfQca/y9QIkng02avJ+NCaQvrMejlsB3RRv5sE9rRoeBPISaZpKxHELzRxZyLvNts1P27W3wV+8geQ==",
      "cpu": [
        "x64"
      ],
      "dev": true,
      "optional": true,
      "os": [
        "win32"
      ],
      "engines": {
        "node": ">=12"
      }
    },
    "node_modules/@finos/fdc3": {
      "version": "2.1.0",
      "resolved": "https://registry.npmjs.org/@finos/fdc3/-/fdc3-2.1.0.tgz",
      "integrity": "sha512-GYEYNlWbB2iZhOGiQ6DSYQsXx8sqwyHw6gT0cJnzqGH5+fYxgWUias//2A8XDCrPKZH9Pml/wDDH3HFhvRsvdw==",
      "optionalDependencies": {
        "@rollup/rollup-linux-x64-gnu": "4.14.1"
      }
    },
    "node_modules/@interopio/browser": {
      "version": "3.4.1",
      "resolved": "https://registry.npmjs.org/@interopio/browser/-/browser-3.4.1.tgz",
      "integrity": "sha512-rTnIxbeXd+4xfnWX5n24rzkSNTIsRQLTilsTUM1a4PmLRjGV0ZHvjhy3iDBAJ5eFs3OmMq5D4/BkEPQkpyHLkw==",
      "dependencies": {
        "@interopio/core": "^6.4.1",
        "@interopio/desktop": "^6.8.0",
        "@interopio/search-api": "^2.4.1",
        "@interopio/widget": "^1.1.0",
        "@interopio/workspaces-api": "^3.4.1",
        "callback-registry": "^2.7.2"
      }
    },
    "node_modules/@interopio/browser-platform": {
      "version": "3.4.1",
      "resolved": "https://registry.npmjs.org/@interopio/browser-platform/-/browser-platform-3.4.1.tgz",
      "integrity": "sha512-CbP8NHdkmDPqIKnLcd2u2EJfeW7pPbA3N7koOOAlcOnPdMCeAvTf3jRlkTK0NwIIw0LYkPO6XsG9C4YuKTWatw==",
      "dependencies": {
        "@interopio/browser": "^3.4.1",
        "@interopio/core": "^6.4.1",
        "@interopio/desktop": "^6.8.0"
      }
    },
    "node_modules/@interopio/core": {
      "version": "6.4.1",
      "resolved": "https://registry.npmjs.org/@interopio/core/-/core-6.4.1.tgz",
      "integrity": "sha512-/KmgzanQfMCNTrBSxHOTyFSp/uz18XHvCsjhI2xFa593wUgzgWaHOq7sYg3shGdwkSeqnJFcsVVg87nOjKKV7Q==",
      "dependencies": {
        "callback-registry": "^2.7.2",
        "ws": "^8.18.0"
      }
    },
    "node_modules/@interopio/desktop": {
      "version": "6.8.0",
      "resolved": "https://registry.npmjs.org/@interopio/desktop/-/desktop-6.8.0.tgz",
      "integrity": "sha512-3fNKAgKezS8lcDQiwqmN2W7flfDPtS94Sejg1EfPFqbM0CXvlyhEZ2RExp8BwFyih3tj79lRAAVQr/y4JCgZFQ==",
      "dependencies": {
        "@interopio/core": "^6.4.1",
        "@interopio/schemas": "^9.3.0",
        "@interopio/workspaces-api": "^3.4.1",
        "callback-registry": "^2.7.1"
      }
    },
    "node_modules/@interopio/fdc3": {
      "version": "2.4.1",
      "resolved": "https://registry.npmjs.org/@interopio/fdc3/-/fdc3-2.4.1.tgz",
      "integrity": "sha512-2MzHI3HVqUNOTnVnpT+cva+8xBBxSdROUB80zQZNQ/LBubHVWK4Mk/3RoYQvVrpfiTn75Tj+aGH5NkucVX8Y2A==",
      "dependencies": {
        "@finos/fdc3": "2.1.0"
      }
    },
    "node_modules/@interopio/schemas": {
      "version": "9.4.0",
      "resolved": "https://registry.npmjs.org/@interopio/schemas/-/schemas-9.4.0.tgz",
      "integrity": "sha512-qjRyCWoGHUQ4kC7lhEsSqlhZVw1yXIItpJslw91Ul1SH65sLhEOI+xUsnRLuUYHD60HKdU6qjw9K4JdyRcsIbg==",
      "dependencies": {
        "ajv": "^6.12.6",
        "ajv-keywords": "^3.4.1"
      },
      "peerDependencies": {
        "log4js": "^6.4.2"
      },
      "peerDependenciesMeta": {
        "log4js": {
          "optional": true
        }
      }
    },
    "node_modules/@interopio/search-api": {
      "version": "2.4.1",
      "resolved": "https://registry.npmjs.org/@interopio/search-api/-/search-api-2.4.1.tgz",
      "integrity": "sha512-/8HxH6nv4xZWCqoIstvTqb6TvlYsrmt7byjTHFQmqIeueApLWP1gefgLm7iJ8tM5PxtR4gsf013jk4eL5VGgAg==",
      "dependencies": {
        "@interopio/core": "^6.4.1"
      }
    },
    "node_modules/@interopio/widget": {
      "version": "1.1.0",
      "resolved": "https://registry.npmjs.org/@interopio/widget/-/widget-1.1.0.tgz",
      "integrity": "sha512-R7+N2W4YRjKvFZNwxCDUoKQwBu9vaqnyIb3AkcjprX2LO1wy8hM/3E3q7xiYj0yhXc2bRidsgCneRQCBGCpypQ=="
    },
    "node_modules/@interopio/workspaces-api": {
      "version": "3.4.1",
      "resolved": "https://registry.npmjs.org/@interopio/workspaces-api/-/workspaces-api-3.4.1.tgz",
      "integrity": "sha512-zyYEK/YjRUiXOPzIo98WQhRHv6QaK4X0GXINd5Qb56iR9ttk1bAz50bSnVkMmo7EAPbS3a2/wfPs1YAkW6i+8g=="
    },
    "node_modules/@kite9/fdc3": {
      "version": "2.2.0-beta.27",
      "resolved": "https://registry.npmjs.org/@kite9/fdc3/-/fdc3-2.2.0-beta.27.tgz",
      "integrity": "sha512-OU6xeOGpc+lAOpLc6dNXEtx1XkFYMZfNSFatvfWthfWUWiaPRhYvvbpV52BWdVHDK+UbWvdpkN2tpJgA62M62g==",
      "dependencies": {
        "@kite9/fdc3-context": "2.2.0-beta.27",
        "@kite9/fdc3-get-agent": "2.2.0-beta.27",
        "@kite9/fdc3-schema": "2.2.0-beta.27",
        "@kite9/fdc3-standard": "2.2.0-beta.27"
      }
    },
    "node_modules/@kite9/fdc3-agent-proxy": {
      "version": "2.2.0-beta.27",
      "resolved": "https://registry.npmjs.org/@kite9/fdc3-agent-proxy/-/fdc3-agent-proxy-2.2.0-beta.27.tgz",
      "integrity": "sha512-f2jbnVrX4TCgbVQOXs1/7zAP9qQm64Nowyf4YsO1k3MkKx54VYiTycg7FGyxIZRCKZ/0ZDtiEJ3Ded2r/K/vrw==",
      "dependencies": {
        "@kite9/fdc3-standard": "2.2.0-beta.27"
      }
    },
    "node_modules/@kite9/fdc3-context": {
      "version": "2.2.0-beta.27",
      "resolved": "https://registry.npmjs.org/@kite9/fdc3-context/-/fdc3-context-2.2.0-beta.27.tgz",
      "integrity": "sha512-/owykPB2Imc6+eoVe0AauypKzN6k4Yb8X7pW7TuItEydjHCYDuQudT7l2AK5hUoeR5sudfre414c1Fqvxjnq7Q=="
    },
    "node_modules/@kite9/fdc3-get-agent": {
      "version": "2.2.0-beta.27",
      "resolved": "https://registry.npmjs.org/@kite9/fdc3-get-agent/-/fdc3-get-agent-2.2.0-beta.27.tgz",
      "integrity": "sha512-hHqrLP+0St9wkJmIcFRk1iJwg2hVJ9Ri8WEOuyIcWHCEBzzDPic8mItGXIaqzIKD0ABlya3SQj06cIakTwRKWg==",
      "dependencies": {
        "@kite9/fdc3-agent-proxy": "2.2.0-beta.27",
        "@kite9/fdc3-context": "2.2.0-beta.27",
        "@kite9/fdc3-schema": "2.2.0-beta.27",
        "@kite9/fdc3-standard": "2.2.0-beta.27",
        "@types/uuid": "^10.0.0",
        "uuid": "^9.0.1"
      }
    },
    "node_modules/@kite9/fdc3-schema": {
      "version": "2.2.0-beta.27",
      "resolved": "https://registry.npmjs.org/@kite9/fdc3-schema/-/fdc3-schema-2.2.0-beta.27.tgz",
      "integrity": "sha512-Cr+Dsnu2+qPI1DDmsvLuAiUemGg8ptjWrmyCUsFcsv1ciPJGVrKNLOLb4K2U6mfNEKFa2jpCF0lGGqosblq97w=="
    },
    "node_modules/@kite9/fdc3-standard": {
      "version": "2.2.0-beta.27",
      "resolved": "https://registry.npmjs.org/@kite9/fdc3-standard/-/fdc3-standard-2.2.0-beta.27.tgz",
      "integrity": "sha512-fB1SUaVmIQ3vz/i0RZPwnxP101RdUE+Wj9DO2YNYXRz/GsqnlaxTCQ84Km7s3s8kxksy8HLVx61dOb46jNk5xw==",
      "dependencies": {
        "@kite9/fdc3-context": "2.2.0-beta.27",
        "@kite9/fdc3-schema": "2.2.0-beta.27"
      }
    },
    "node_modules/@rollup/rollup-linux-x64-gnu": {
      "version": "4.14.1",
      "resolved": "https://registry.npmjs.org/@rollup/rollup-linux-x64-gnu/-/rollup-linux-x64-gnu-4.14.1.tgz",
      "integrity": "sha512-9Q7DGjZN+hTdJomaQ3Iub4m6VPu1r94bmK2z3UeWP3dGUecRC54tmVu9vKHTm1bOt3ASoYtEz6JSRLFzrysKlA==",
      "cpu": [
        "x64"
      ],
      "optional": true,
      "os": [
        "linux"
      ]
    },
    "node_modules/@types/uuid": {
      "version": "10.0.0",
      "resolved": "https://registry.npmjs.org/@types/uuid/-/uuid-10.0.0.tgz",
      "integrity": "sha512-7gqG38EyHgyP1S+7+xomFtL+ZNHcKv6DwNaCZmJmo1vgMugyF3TCnXVg4t1uk89mLNwnLtnY3TpOpCOyp1/xHQ=="
    },
    "node_modules/ajv": {
      "version": "6.12.6",
      "resolved": "https://registry.npmjs.org/ajv/-/ajv-6.12.6.tgz",
      "integrity": "sha512-j3fVLgvTo527anyYyJOGTYJbG+vnnQYvE0m5mmkc1TK+nxAppkCLMIL0aZ4dblVCNoGShhm+kzE4ZUykBoMg4g==",
      "dependencies": {
        "fast-deep-equal": "^3.1.1",
        "fast-json-stable-stringify": "^2.0.0",
        "json-schema-traverse": "^0.4.1",
        "uri-js": "^4.2.2"
      },
      "funding": {
        "type": "github",
        "url": "https://github.com/sponsors/epoberezkin"
      }
    },
    "node_modules/ajv-keywords": {
      "version": "3.5.2",
      "resolved": "https://registry.npmjs.org/ajv-keywords/-/ajv-keywords-3.5.2.tgz",
      "integrity": "sha512-5p6WTN0DdTGVQk6VjcEju19IgaHudalcfabD7yhDGeA6bcQnmL+CpveLJq/3hvfwd1aof6L386Ougkx6RfyMIQ==",
      "peerDependencies": {
        "ajv": "^6.9.1"
      }
    },
    "node_modules/callback-registry": {
      "version": "2.7.2",
      "resolved": "https://registry.npmjs.org/callback-registry/-/callback-registry-2.7.2.tgz",
      "integrity": "sha512-VVrtF21DaH0VHeNMkLDd4VGuxsYM3V3l3lwYneKVMU/6X3TRtcQszUwlAcqj2HrLcbP1NyS12LsanUwCykaz/Q=="
    },
    "node_modules/esbuild": {
      "version": "0.18.20",
      "resolved": "https://registry.npmjs.org/esbuild/-/esbuild-0.18.20.tgz",
      "integrity": "sha512-ceqxoedUrcayh7Y7ZX6NdbbDzGROiyVBgC4PriJThBKSVPWnnFHZAkfI1lJT8QFkOwH4qOS2SJkS4wvpGl8BpA==",
      "dev": true,
      "hasInstallScript": true,
      "bin": {
        "esbuild": "bin/esbuild"
      },
      "engines": {
        "node": ">=12"
      },
      "optionalDependencies": {
        "@esbuild/android-arm": "0.18.20",
        "@esbuild/android-arm64": "0.18.20",
        "@esbuild/android-x64": "0.18.20",
        "@esbuild/darwin-arm64": "0.18.20",
        "@esbuild/darwin-x64": "0.18.20",
        "@esbuild/freebsd-arm64": "0.18.20",
        "@esbuild/freebsd-x64": "0.18.20",
        "@esbuild/linux-arm": "0.18.20",
        "@esbuild/linux-arm64": "0.18.20",
        "@esbuild/linux-ia32": "0.18.20",
        "@esbuild/linux-loong64": "0.18.20",
        "@esbuild/linux-mips64el": "0.18.20",
        "@esbuild/linux-ppc64": "0.18.20",
        "@esbuild/linux-riscv64": "0.18.20",
        "@esbuild/linux-s390x": "0.18.20",
        "@esbuild/linux-x64": "0.18.20",
        "@esbuild/netbsd-x64": "0.18.20",
        "@esbuild/openbsd-x64": "0.18.20",
        "@esbuild/sunos-x64": "0.18.20",
        "@esbuild/win32-arm64": "0.18.20",
        "@esbuild/win32-ia32": "0.18.20",
        "@esbuild/win32-x64": "0.18.20"
      }
    },
    "node_modules/fast-deep-equal": {
      "version": "3.1.3",
      "resolved": "https://registry.npmjs.org/fast-deep-equal/-/fast-deep-equal-3.1.3.tgz",
      "integrity": "sha512-f3qQ9oQy9j2AhBe/H9VC91wLmKBCCU/gDOnKNAYG5hswO7BLKj09Hc5HYNz9cGI++xlpDCIgDaitVs03ATR84Q=="
    },
    "node_modules/fast-json-stable-stringify": {
      "version": "2.1.0",
      "resolved": "https://registry.npmjs.org/fast-json-stable-stringify/-/fast-json-stable-stringify-2.1.0.tgz",
      "integrity": "sha512-lhd/wF+Lk98HZoTCtlVraHtfh5XYijIjalXck7saUtuanSDyLMxnHhSXEDJqHxD7msR8D0uCmqlkwjCV8xvwHw=="
    },
    "node_modules/fsevents": {
      "version": "2.3.3",
      "resolved": "https://registry.npmjs.org/fsevents/-/fsevents-2.3.3.tgz",
      "integrity": "sha512-5xoDfX+fL7faATnagmWPpbFtwh/R77WmMMqqHGS65C3vvB0YHrgF+B1YmZ3441tMj5n63k0212XNoJwzlhffQw==",
      "dev": true,
      "hasInstallScript": true,
      "optional": true,
      "os": [
        "darwin"
      ],
      "engines": {
        "node": "^8.16.0 || ^10.6.0 || >=11.0.0"
      }
    },
    "node_modules/json-schema-traverse": {
      "version": "0.4.1",
      "resolved": "https://registry.npmjs.org/json-schema-traverse/-/json-schema-traverse-0.4.1.tgz",
      "integrity": "sha512-xbbCH5dCYU5T8LcEhhuh7HJ88HXuW3qsI3Y0zOZFKfZEHcpWiHU/Jxzk629Brsab/mMiHQti9wMP+845RPe3Vg=="
    },
    "node_modules/nanoid": {
      "version": "3.3.7",
      "resolved": "https://registry.npmjs.org/nanoid/-/nanoid-3.3.7.tgz",
      "integrity": "sha512-eSRppjcPIatRIMC1U6UngP8XFcz8MQWGQdt1MTBQ7NaAmvXDfvNxbvWV3x2y6CdEUciCSsDHDQZbhYaB8QEo2g==",
      "dev": true,
      "funding": [
        {
          "type": "github",
          "url": "https://github.com/sponsors/ai"
        }
      ],
      "bin": {
        "nanoid": "bin/nanoid.cjs"
      },
      "engines": {
        "node": "^10 || ^12 || ^13.7 || ^14 || >=15.0.1"
      }
    },
    "node_modules/picocolors": {
      "version": "1.1.0",
      "resolved": "https://registry.npmjs.org/picocolors/-/picocolors-1.1.0.tgz",
      "integrity": "sha512-TQ92mBOW0l3LeMeyLV6mzy/kWr8lkd/hp3mTg7wYK7zJhuBStmGMBG0BdeDZS/dZx1IukaX6Bk11zcln25o1Aw==",
      "dev": true
    },
    "node_modules/postcss": {
      "version": "8.4.47",
      "resolved": "https://registry.npmjs.org/postcss/-/postcss-8.4.47.tgz",
      "integrity": "sha512-56rxCq7G/XfB4EkXq9Egn5GCqugWvDFjafDOThIdMBsI15iqPqR5r15TfSr1YPYeEI19YeaXMCbY6u88Y76GLQ==",
      "dev": true,
      "funding": [
        {
          "type": "opencollective",
          "url": "https://opencollective.com/postcss/"
        },
        {
          "type": "tidelift",
          "url": "https://tidelift.com/funding/github/npm/postcss"
        },
        {
          "type": "github",
          "url": "https://github.com/sponsors/ai"
        }
      ],
      "dependencies": {
        "nanoid": "^3.3.7",
        "picocolors": "^1.1.0",
        "source-map-js": "^1.2.1"
      },
      "engines": {
        "node": "^10 || ^12 || >=14"
      }
    },
    "node_modules/punycode": {
      "version": "2.3.1",
      "resolved": "https://registry.npmjs.org/punycode/-/punycode-2.3.1.tgz",
      "integrity": "sha512-vYt7UD1U9Wg6138shLtLOvdAu+8DsC/ilFtEVHcH+wydcSpNE20AfSOduf6MkRFahL5FY7X1oU7nKVZFtfq8Fg==",
      "engines": {
        "node": ">=6"
      }
    },
    "node_modules/rollup": {
      "version": "3.29.5",
      "resolved": "https://registry.npmjs.org/rollup/-/rollup-3.29.5.tgz",
      "integrity": "sha512-GVsDdsbJzzy4S/v3dqWPJ7EfvZJfCHiDqe80IyrF59LYuP+e6U1LJoUqeuqRbwAWoMNoXivMNeNAOf5E22VA1w==",
      "dev": true,
      "bin": {
        "rollup": "dist/bin/rollup"
      },
      "engines": {
        "node": ">=14.18.0",
        "npm": ">=8.0.0"
      },
      "optionalDependencies": {
        "fsevents": "~2.3.2"
      }
    },
    "node_modules/source-map-js": {
      "version": "1.2.1",
      "resolved": "https://registry.npmjs.org/source-map-js/-/source-map-js-1.2.1.tgz",
      "integrity": "sha512-UXWMKhLOwVKb728IUtQPXxfYU+usdybtUrK/8uGE8CQMvrhOpwvzDBwj0QhSL7MQc7vIsISBG8VQ8+IDQxpfQA==",
      "dev": true,
      "engines": {
        "node": ">=0.10.0"
      }
    },
    "node_modules/typescript": {
      "version": "5.6.2",
      "resolved": "https://registry.npmjs.org/typescript/-/typescript-5.6.2.tgz",
      "integrity": "sha512-NW8ByodCSNCwZeghjN3o+JX5OFH0Ojg6sadjEKY4huZ52TqbJTJnDo5+Tw98lSy63NZvi4n+ez5m2u5d4PkZyw==",
      "dev": true,
      "bin": {
        "tsc": "bin/tsc",
        "tsserver": "bin/tsserver"
      },
      "engines": {
        "node": ">=14.17"
      }
    },
    "node_modules/uri-js": {
      "version": "4.4.1",
      "resolved": "https://registry.npmjs.org/uri-js/-/uri-js-4.4.1.tgz",
      "integrity": "sha512-7rKUyy33Q1yc98pQ1DAmLtwX109F7TIfWlW1Ydo8Wl1ii1SeHieeh0HHfPeL2fMXK6z0s8ecKs9frCuLJvndBg==",
      "dependencies": {
        "punycode": "^2.1.0"
      }
    },
    "node_modules/uuid": {
      "version": "9.0.1",
      "resolved": "https://registry.npmjs.org/uuid/-/uuid-9.0.1.tgz",
      "integrity": "sha512-b+1eJOlsR9K8HJpow9Ok3fiWOWSIcIzXodvv0rQjVoOVNpWMpxf1wZNpt4y9h10odCNrqnYp1OBzRktckBe3sA==",
      "funding": [
        "https://github.com/sponsors/broofa",
        "https://github.com/sponsors/ctavan"
      ],
      "bin": {
        "uuid": "dist/bin/uuid"
      }
    },
    "node_modules/vite": {
      "version": "4.5.5",
      "resolved": "https://registry.npmjs.org/vite/-/vite-4.5.5.tgz",
      "integrity": "sha512-ifW3Lb2sMdX+WU91s3R0FyQlAyLxOzCSCP37ujw0+r5POeHPwe6udWVIElKQq8gk3t7b8rkmvqC6IHBpCff4GQ==",
      "dev": true,
      "dependencies": {
        "esbuild": "^0.18.10",
        "postcss": "^8.4.27",
        "rollup": "^3.27.1"
      },
      "bin": {
        "vite": "bin/vite.js"
      },
      "engines": {
        "node": "^14.18.0 || >=16.0.0"
      },
      "funding": {
        "url": "https://github.com/vitejs/vite?sponsor=1"
      },
      "optionalDependencies": {
        "fsevents": "~2.3.2"
      },
      "peerDependencies": {
        "@types/node": ">= 14",
        "less": "*",
        "lightningcss": "^1.21.0",
        "sass": "*",
        "stylus": "*",
        "sugarss": "*",
        "terser": "^5.4.0"
      },
      "peerDependenciesMeta": {
        "@types/node": {
          "optional": true
        },
        "less": {
          "optional": true
        },
        "lightningcss": {
          "optional": true
        },
        "sass": {
          "optional": true
        },
        "stylus": {
          "optional": true
        },
        "sugarss": {
          "optional": true
        },
        "terser": {
          "optional": true
        }
      }
    },
    "node_modules/ws": {
      "version": "8.18.0",
      "resolved": "https://registry.npmjs.org/ws/-/ws-8.18.0.tgz",
      "integrity": "sha512-8VbfWfHLbbwu3+N6OKsOMpBdT4kXPDDB9cJk2bJ6mh9ucxdlnNvH1e+roYkKmN9Nxw2yjz7VzeO9oOz2zJ04Pw==",
      "engines": {
        "node": ">=10.0.0"
      },
      "peerDependencies": {
        "bufferutil": "^4.0.1",
        "utf-8-validate": ">=5.0.2"
      },
      "peerDependenciesMeta": {
        "bufferutil": {
          "optional": true
        },
        "utf-8-validate": {
          "optional": true
        }
      }
    }
  }
}
